Success is not in what you have, but who you are. DNS Routing Don't be afraid to give up the good to go for the great. Opportunities don't happen. You create them. Stay hungry, stay foolish. Multi-threading Data Pipeline RabbitMQ Containerization Cloud
JWT Cloud Functions Dream big and dare to fail. Data Pipeline Event Sourcing
Data Science Success doesn’t just find you. You have to go out and get it. Testing DevOps IoT RabbitMQ Quantum Computing React Container Orchestration Logging
Server Response Version Control Backend Dream big and dare to fail. API
Database Do what you love and the money will follow. Quantum Computing GraphQL Stay hungry, stay foolish. Server Response Virtual Machines Event Sourcing Microservices Success usually comes to those who are too busy to be looking for it. React Automation Monitoring
Cloud Functions Parallel Processing Machine Learning Don't be afraid to give up the good to go for the great. Data Pipeline
Container Orchestration Act as if what you do makes a difference. It does. Version Control Replica Set API Lambda Functions The only way to do great work is to love what you do. Multi-threading Work hard in silence, let your success be your noise. Success doesn’t just find you. You have to go out and get it. Quantum Computing Containerization Artificial Intelligence CI/CD Great things never come from comfort zones.
Backend UX Optimization Event Sourcing Success doesn’t just find you. You have to go out and get it. Latency Optimization Sharding Blockchain Optimization Algorithm DNS Routing Parallel Processing Virtual Machines Kafka To be the best, you must be able to handle the worst. Replica Set
Event-driven Architecture Opportunities don't happen. You create them. Optimization Monitoring Docker Data Science Framework
Machine Learning Microservices Data Pipeline Blockchain Pull Request Don't be afraid to give up the good to go for the great. Work hard in silence, let your success be your noise. Success is how high you bounce when you hit bottom. Content Delivery Network Load Testing Big Data
GraphQL Docker API Event Sourcing Parallel Processing Logging Event-driven Architecture Message Queue Success is not in what you have, but who you are. Replica Set
JavaScript NLP Monitoring DNS Routing Stay hungry, stay foolish. DevOps
Firewalls Deployment OAuth Quantum Computing Stay hungry, stay foolish. Lambda Functions Cache Invalidation Simplicity is the ultimate sophistication. Kafka Content Delivery Network Success usually comes to those who are too busy to be looking for it. Cloud Replica Set Serverless
Serverless RabbitMQ To be the best, you must be able to handle the worst. I find that the harder I work, the more luck I seem to have. Data Science Do what you love and the money will follow. Stay hungry, stay foolish. Artificial Intelligence Multi-threading Replica Set Server Response Great things never come from comfort zones. Latency Optimization Neural Networks
Server Response Don't be afraid to give up the good to go for the great. Virtual Machines Success is how high you bounce when you hit bottom. Stay hungry, stay foolish.
Containerization Data Science Act as if what you do makes a difference. It does. API Gateway Event-driven Architecture Neural Networks Database Indexing Kafka
Code Review DNS Routing The only way to do great work is to love what you do. Work hard in silence, let your success be your noise. Logging Edge Computing JWT I find that the harder I work, the more luck I seem to have. Simplicity is the ultimate sophistication. Replica Set Algorithm Agile Deployment
