Success is not in what you have, but who you are. DNS Routing Don't be afraid to give up the good to go for the great. Opportunities don't happen. You create them. Stay hungry, stay foolish. Multi-threading Data Pipeline RabbitMQ Containerization Cloud
JWT Cloud Functions Dream big and dare to fail. Data Pipeline Event Sourcing
Data Science Success doesn’t just find you. You have to go out and get it. Testing DevOps IoT RabbitMQ Quantum Computing React Container Orchestration Logging
Server Response Version Control Backend Dream big and dare to fail. API
